{
  "lockfile_version": "1",
  "packages": {
    "age@latest": {
      "last_modified": "2024-10-13T23:44:06Z",
      "resolved": "github:NixOS/nixpkgs/d4f247e89f6e10120f911e2e2d2254a050d0f732#age",
      "source": "devbox-search",
      "version": "1.2.0",
      "systems": {
        "aarch64-darwin": {
          "outputs": [
            {
              "name": "out",
              "path": "/nix/store/xmjqim738hw8glplvn132w3rf60qshd0-age-1.2.0",
              "default": true
            }
          ],
          "store_path": "/nix/store/xmjqim738hw8glplvn132w3rf60qshd0-age-1.2.0"
        },
        "aarch64-linux": {
          "outputs": [
            {
              "name": "out",
              "path": "/nix/store/ghh8gyrz3a3wd6ci6plpj7mcvfm51917-age-1.2.0",
              "default": true
            }
          ],
          "store_path": "/nix/store/ghh8gyrz3a3wd6ci6plpj7mcvfm51917-age-1.2.0"
        },
        "x86_64-darwin": {
          "outputs": [
            {
              "name": "out",
              "path": "/nix/store/p7n8s7nnl4lldnpnb3js6pxqj36gf69j-age-1.2.0",
              "default": true
            }
          ],
          "store_path": "/nix/store/p7n8s7nnl4lldnpnb3js6pxqj36gf69j-age-1.2.0"
        },
        "x86_64-linux": {
          "outputs": [
            {
              "name": "out",
              "path": "/nix/store/4ad940964j3yrdzzsixjs3bw739gkngi-age-1.2.0",
              "default": true
            }
          ],
          "store_path": "/nix/store/4ad940964j3yrdzzsixjs3bw739gkngi-age-1.2.0"
        }
      }
    },
    "ansible-lint@latest": {
      "last_modified": "2024-10-13T23:44:06Z",
      "resolved": "github:NixOS/nixpkgs/d4f247e89f6e10120f911e2e2d2254a050d0f732#ansible-lint",
      "source": "devbox-search",
      "version": "24.9.2",
      "systems": {
        "aarch64-darwin": {
          "outputs": [
            {
              "name": "out",
              "path": "/nix/store/7j4x41n2mss0d7zdl0f4nyi1myl1i0l0-ansible-lint-24.9.2",
              "default": true
            },
            {
              "name": "dist",
              "path": "/nix/store/d1k41fk532ipf1755cic7wawjp4rbm4y-ansible-lint-24.9.2-dist"
            }
          ],
          "store_path": "/nix/store/7j4x41n2mss0d7zdl0f4nyi1myl1i0l0-ansible-lint-24.9.2"
        },
        "aarch64-linux": {
          "outputs": [
            {
              "name": "out",
              "path": "/nix/store/32x22gpiscxhiq9m2ry75g1rc4rdc9gl-ansible-lint-24.9.2",
              "default": true
            },
            {
              "name": "dist",
              "path": "/nix/store/yjczp2n6ny56m7px17kxlh1xi7aps0qs-ansible-lint-24.9.2-dist"
            }
          ],
          "store_path": "/nix/store/32x22gpiscxhiq9m2ry75g1rc4rdc9gl-ansible-lint-24.9.2"
        },
        "x86_64-darwin": {
          "outputs": [
            {
              "name": "out",
              "path": "/nix/store/cnjw56dfwns9wrq61vb6bnbyc2smy1j4-ansible-lint-24.9.2",
              "default": true
            },
            {
              "name": "dist",
              "path": "/nix/store/zd6mljas342gy97bys1414q78w9r8d8a-ansible-lint-24.9.2-dist"
            }
          ],
          "store_path": "/nix/store/cnjw56dfwns9wrq61vb6bnbyc2smy1j4-ansible-lint-24.9.2"
        },
        "x86_64-linux": {
          "outputs": [
            {
              "name": "out",
              "path": "/nix/store/lms7hvh9hrzlbpagkplk94k6c81q343l-ansible-lint-24.9.2",
              "default": true
            },
            {
              "name": "dist",
              "path": "/nix/store/qg4jxma28svxxdwdwnwmab8rjh2acx1m-ansible-lint-24.9.2-dist"
            }
          ],
          "store_path": "/nix/store/lms7hvh9hrzlbpagkplk94k6c81q343l-ansible-lint-24.9.2"
        }
      }
    },
    "ansible@latest": {
      "last_modified": "2024-10-13T23:44:06Z",
      "resolved": "github:NixOS/nixpkgs/d4f247e89f6e10120f911e2e2d2254a050d0f732#ansible",
      "source": "devbox-search",
      "version": "2.17.4",
      "systems": {
        "aarch64-darwin": {
          "outputs": [
            {
              "name": "out",
              "path": "/nix/store/n0lczsx6vs3c1szcgh31i3643j3glfj5-python3.12-ansible-core-2.17.4",
              "default": true
            },
            {
              "name": "dist",
              "path": "/nix/store/jj0vfzh6qxpyr7ps1g7835walnx64r5l-python3.12-ansible-core-2.17.4-dist"
            }
          ],
          "store_path": "/nix/store/n0lczsx6vs3c1szcgh31i3643j3glfj5-python3.12-ansible-core-2.17.4"
        },
        "aarch64-linux": {
          "outputs": [
            {
              "name": "out",
              "path": "/nix/store/j8p7g9zhc83aviswizxqcczyxzs5bxjl-python3.12-ansible-core-2.17.4",
              "default": true
            },
            {
              "name": "dist",
              "path": "/nix/store/8av5yh0k9k6yz1d5vvzc6yacj9f4d69b-python3.12-ansible-core-2.17.4-dist"
            }
          ],
          "store_path": "/nix/store/j8p7g9zhc83aviswizxqcczyxzs5bxjl-python3.12-ansible-core-2.17.4"
        },
        "x86_64-darwin": {
          "outputs": [
            {
              "name": "out",
              "path": "/nix/store/9zd713yrlz5cqa3i7ab17p9cfmzan3r2-python3.12-ansible-core-2.17.4",
              "default": true
            },
            {
              "name": "dist",
              "path": "/nix/store/4fczwj97kv5z1xbvdr5824jd8aksrv9v-python3.12-ansible-core-2.17.4-dist"
            }
          ],
          "store_path": "/nix/store/9zd713yrlz5cqa3i7ab17p9cfmzan3r2-python3.12-ansible-core-2.17.4"
        },
        "x86_64-linux": {
          "outputs": [
            {
              "name": "out",
              "path": "/nix/store/7sn2kxfwfqmy9saksi0cqbj42dlj6416-python3.12-ansible-core-2.17.4",
              "default": true
            },
            {
              "name": "dist",
              "path": "/nix/store/z7chbndp133f8vzikf3l2qib1s1nj5qx-python3.12-ansible-core-2.17.4-dist"
            }
          ],
          "store_path": "/nix/store/7sn2kxfwfqmy9saksi0cqbj42dlj6416-python3.12-ansible-core-2.17.4"
        }
      }
    },
    "cilium-cli@latest": {
      "last_modified": "2024-10-17T04:50:07Z",
      "resolved": "github:NixOS/nixpkgs/1bde3e8e37a72989d4d455adde764d45f45dc11c#cilium-cli",
      "source": "devbox-search",
      "version": "0.16.19",
      "systems": {
        "aarch64-darwin": {
          "outputs": [
            {
              "name": "out",
              "path": "/nix/store/88yqm2rvpgzx5xb4p0hk7nzm5f4ysdc0-cilium-cli-0.16.19",
              "default": true
            }
          ],
          "store_path": "/nix/store/88yqm2rvpgzx5xb4p0hk7nzm5f4ysdc0-cilium-cli-0.16.19"
        },
        "aarch64-linux": {
          "outputs": [
            {
              "name": "out",
              "path": "/nix/store/nfn1mwlykfjkljsxdpavl7ijw6pp4sba-cilium-cli-0.16.19",
              "default": true
            }
          ],
          "store_path": "/nix/store/nfn1mwlykfjkljsxdpavl7ijw6pp4sba-cilium-cli-0.16.19"
        },
        "x86_64-darwin": {
          "outputs": [
            {
              "name": "out",
              "path": "/nix/store/7b6hnmn9swdzw36c2a7bchl0kfc16vvs-cilium-cli-0.16.19",
              "default": true
            }
          ],
          "store_path": "/nix/store/7b6hnmn9swdzw36c2a7bchl0kfc16vvs-cilium-cli-0.16.19"
        },
        "x86_64-linux": {
          "outputs": [
            {
              "name": "out",
              "path": "/nix/store/jzk9bj1wkp3f9izh6gy5ck77wdrpxd4i-cilium-cli-0.16.19",
              "default": true
            }
          ],
          "store_path": "/nix/store/jzk9bj1wkp3f9izh6gy5ck77wdrpxd4i-cilium-cli-0.16.19"
        }
      }
    },
    "git@latest": {
      "last_modified": "2024-10-13T23:44:06Z",
      "resolved": "github:NixOS/nixpkgs/d4f247e89f6e10120f911e2e2d2254a050d0f732#git",
      "source": "devbox-search",
      "version": "2.46.1",
      "systems": {
        "aarch64-darwin": {
          "outputs": [
            {
              "name": "out",
              "path": "/nix/store/fzsjyd9wxiymv5j38f1igk99660hi4vl-git-2.46.1",
              "default": true
            },
            {
              "name": "doc",
              "path": "/nix/store/9i3j85b675c29xwmyg7bvaxs2jbqn4gx-git-2.46.1-doc"
            }
          ],
          "store_path": "/nix/store/fzsjyd9wxiymv5j38f1igk99660hi4vl-git-2.46.1"
        },
        "aarch64-linux": {
          "outputs": [
            {
              "name": "out",
              "path": "/nix/store/qmdn10127g14bb1v5h5qpckcm6n9m8ms-git-2.46.1",
              "default": true
            },
            {
              "name": "debug",
              "path": "/nix/store/qgm6gdx0ic216alm4kl7lyyd5k74gn1p-git-2.46.1-debug"
            },
            {
              "name": "doc",
              "path": "/nix/store/ngyj5imnlagsj5avqgc3f65iz9pffqjm-git-2.46.1-doc"
            }
          ],
          "store_path": "/nix/store/qmdn10127g14bb1v5h5qpckcm6n9m8ms-git-2.46.1"
        },
        "x86_64-darwin": {
          "outputs": [
            {
              "name": "out",
              "path": "/nix/store/n4s67bnpyvxqj51fhj57gxn7f8n1v6wk-git-2.46.1",
              "default": true
            },
            {
              "name": "doc",
              "path": "/nix/store/vhiqrx6ka20krpi255vk99iac98zr3sb-git-2.46.1-doc"
            }
          ],
          "store_path": "/nix/store/n4s67bnpyvxqj51fhj57gxn7f8n1v6wk-git-2.46.1"
        },
        "x86_64-linux": {
          "outputs": [
            {
              "name": "out",
              "path": "/nix/store/zmmhkn7ndfskwk2mfqn9nzmv9y699lms-git-2.46.1",
              "default": true
            },
            {
              "name": "doc",
              "path": "/nix/store/9xdnzfl42isjgsn1mnxyjdmspakf8ayi-git-2.46.1-doc"
            },
            {
              "name": "debug",
              "path": "/nix/store/n5i11ch2x778v95wnbg56mlc9rc8xsjn-git-2.46.1-debug"
            }
          ],
          "store_path": "/nix/store/zmmhkn7ndfskwk2mfqn9nzmv9y699lms-git-2.46.1"
        }
      }
    },
    "gnutar@latest": {
      "last_modified": "2024-10-13T23:44:06Z",
      "resolved": "github:NixOS/nixpkgs/d4f247e89f6e10120f911e2e2d2254a050d0f732#gnutar",
      "source": "devbox-search",
      "version": "1.35",
      "systems": {
        "aarch64-darwin": {
          "outputs": [
            {
              "name": "out",
              "path": "/nix/store/d24cyixkbbz680shw069dqn5fdhvpzxi-gnutar-1.35",
              "default": true
            },
            {
              "name": "info",
              "path": "/nix/store/aw9as9sz7slxwkq3nq3fqylvf3jrcpy0-gnutar-1.35-info"
            }
          ],
          "store_path": "/nix/store/d24cyixkbbz680shw069dqn5fdhvpzxi-gnutar-1.35"
        },
        "aarch64-linux": {
          "outputs": [
            {
              "name": "out",
              "path": "/nix/store/r9sqz7j69q8b0i8z602rvp5jqxrvzj3f-gnutar-1.35",
              "default": true
            },
            {
              "name": "info",
              "path": "/nix/store/icq0c4h1z5vyd7icdq4r8b3qzq698qrd-gnutar-1.35-info"
            }
          ],
          "store_path": "/nix/store/r9sqz7j69q8b0i8z602rvp5jqxrvzj3f-gnutar-1.35"
        },
        "x86_64-darwin": {
          "outputs": [
            {
              "name": "out",
              "path": "/nix/store/0fmsasvm56c9gwz0q2xcgxiq1irkiwjp-gnutar-1.35",
              "default": true
            },
            {
              "name": "info",
              "path": "/nix/store/wzk3qzmy171k79d6qihai2f6q00nkm36-gnutar-1.35-info"
            }
          ],
          "store_path": "/nix/store/0fmsasvm56c9gwz0q2xcgxiq1irkiwjp-gnutar-1.35"
        },
        "x86_64-linux": {
          "outputs": [
            {
              "name": "out",
              "path": "/nix/store/zvn9bvrl2g516d2hfnanljiw24qa6w8l-gnutar-1.35",
              "default": true
            },
            {
              "name": "info",
              "path": "/nix/store/j6i2y5nk08hjqf070gh0aiv6agy46132-gnutar-1.35-info"
            }
          ],
          "store_path": "/nix/store/zvn9bvrl2g516d2hfnanljiw24qa6w8l-gnutar-1.35"
        }
      }
    },
    "go-task@latest": {
      "last_modified": "2024-10-13T23:44:06Z",
      "resolved": "github:NixOS/nixpkgs/d4f247e89f6e10120f911e2e2d2254a050d0f732#go-task",
      "source": "devbox-search",
      "version": "3.39.2",
      "systems": {
        "aarch64-darwin": {
          "outputs": [
            {
              "name": "out",
              "path": "/nix/store/aqcr7jv0m2s8nz481ay310i0dh4mbj48-go-task-3.39.2",
              "default": true
            }
          ],
          "store_path": "/nix/store/aqcr7jv0m2s8nz481ay310i0dh4mbj48-go-task-3.39.2"
        },
        "aarch64-linux": {
          "outputs": [
            {
              "name": "out",
              "path": "/nix/store/08haalp24y68v0krddls5c18hcl6n80p-go-task-3.39.2",
              "default": true
            }
          ],
          "store_path": "/nix/store/08haalp24y68v0krddls5c18hcl6n80p-go-task-3.39.2"
        },
        "x86_64-darwin": {
          "outputs": [
            {
              "name": "out",
              "path": "/nix/store/n6qmzm7h0vdj87qz3bfay17cfrhm3bki-go-task-3.39.2",
              "default": true
            }
          ],
          "store_path": "/nix/store/n6qmzm7h0vdj87qz3bfay17cfrhm3bki-go-task-3.39.2"
        },
        "x86_64-linux": {
          "outputs": [
            {
              "name": "out",
              "path": "/nix/store/sxlbgmc56mkv64rn772rczpin8vjn6lp-go-task-3.39.2",
              "default": true
            }
          ],
          "store_path": "/nix/store/sxlbgmc56mkv64rn772rczpin8vjn6lp-go-task-3.39.2"
        }
      }
    },
    "sops@latest": {
      "last_modified": "2024-10-13T23:44:06Z",
      "resolved": "github:NixOS/nixpkgs/d4f247e89f6e10120f911e2e2d2254a050d0f732#sops",
      "source": "devbox-search",
      "version": "3.9.1",
      "systems": {
        "aarch64-darwin": {
          "outputs": [
            {
              "name": "out",
              "path": "/nix/store/47gdbfsmp9hk5vsadisbvrnkfa6jjgw8-sops-3.9.1",
              "default": true
            }
          ],
          "store_path": "/nix/store/47gdbfsmp9hk5vsadisbvrnkfa6jjgw8-sops-3.9.1"
        },
        "aarch64-linux": {
          "outputs": [
            {
              "name": "out",
              "path": "/nix/store/zgj2rbmxdpkzbsh72x6061l2mrhms47k-sops-3.9.1",
              "default": true
            }
          ],
          "store_path": "/nix/store/zgj2rbmxdpkzbsh72x6061l2mrhms47k-sops-3.9.1"
        },
        "x86_64-darwin": {
          "outputs": [
            {
              "name": "out",
              "path": "/nix/store/gp07gkxjvq47m0fzyizgz624nyvzy002-sops-3.9.1",
              "default": true
            }
          ],
          "store_path": "/nix/store/gp07gkxjvq47m0fzyizgz624nyvzy002-sops-3.9.1"
        },
        "x86_64-linux": {
          "outputs": [
            {
              "name": "out",
              "path": "/nix/store/dazfzbk7midb0k1fccdlmlp153s5s8vx-sops-3.9.1",
              "default": true
            }
          ],
          "store_path": "/nix/store/dazfzbk7midb0k1fccdlmlp153s5s8vx-sops-3.9.1"
        }
      }
    },
    "terraform@latest": {
      "last_modified": "2024-10-17T04:50:07Z",
      "resolved": "github:NixOS/nixpkgs/1bde3e8e37a72989d4d455adde764d45f45dc11c#terraform",
      "source": "devbox-search",
      "version": "1.9.8",
      "systems": {
        "aarch64-darwin": {
          "outputs": [
            {
              "name": "out",
              "path": "/nix/store/r46vycq0bs55r759c9s442f9zns8p175-terraform-1.9.8",
              "default": true
            }
          ],
          "store_path": "/nix/store/r46vycq0bs55r759c9s442f9zns8p175-terraform-1.9.8"
        },
        "aarch64-linux": {
          "outputs": [
            {
              "name": "out",
              "path": "/nix/store/x8vw40976wi5ggbh4za2l1h1xlq5w5br-terraform-1.9.8",
              "default": true
            }
          ],
          "store_path": "/nix/store/x8vw40976wi5ggbh4za2l1h1xlq5w5br-terraform-1.9.8"
        },
        "x86_64-darwin": {
          "outputs": [
            {
              "name": "out",
              "path": "/nix/store/9kz1ls4vzwvs30v8a73p31yjl7r64a95-terraform-1.9.8",
              "default": true
            }
          ],
          "store_path": "/nix/store/9kz1ls4vzwvs30v8a73p31yjl7r64a95-terraform-1.9.8"
        },
        "x86_64-linux": {
          "outputs": [
            {
              "name": "out",
              "path": "/nix/store/j9g3d1wrlblm07lsn2hqvz4b3w180lfd-terraform-1.9.8",
              "default": true
            }
          ],
          "store_path": "/nix/store/j9g3d1wrlblm07lsn2hqvz4b3w180lfd-terraform-1.9.8"
        }
      }
    },
    "yamllint@latest": {
      "last_modified": "2024-10-13T23:44:06Z",
      "resolved": "github:NixOS/nixpkgs/d4f247e89f6e10120f911e2e2d2254a050d0f732#yamllint",
      "source": "devbox-search",
      "version": "1.35.1",
      "systems": {
        "aarch64-darwin": {
          "outputs": [
            {
              "name": "out",
              "path": "/nix/store/xirbp72qqmvr3bcagh5haha5s7a99m0k-python3.12-yamllint-1.35.1",
              "default": true
            },
            {
              "name": "dist",
              "path": "/nix/store/6k3h509hwsrv5w6qcrskjydxfy0y1mdj-python3.12-yamllint-1.35.1-dist"
            }
          ],
          "store_path": "/nix/store/xirbp72qqmvr3bcagh5haha5s7a99m0k-python3.12-yamllint-1.35.1"
        },
        "aarch64-linux": {
          "outputs": [
            {
              "name": "out",
              "path": "/nix/store/dq896v1yc0jm7c560cfyg3lcdiv5gnvf-python3.12-yamllint-1.35.1",
              "default": true
            },
            {
              "name": "dist",
              "path": "/nix/store/6hh3gx8xcrksbczvk1n105lk2c9s7aq6-python3.12-yamllint-1.35.1-dist"
            }
          ],
          "store_path": "/nix/store/dq896v1yc0jm7c560cfyg3lcdiv5gnvf-python3.12-yamllint-1.35.1"
        },
        "x86_64-darwin": {
          "outputs": [
            {
              "name": "out",
              "path": "/nix/store/3vnklgsmqslbx4bpsfymsjpqiwmcy6qb-python3.12-yamllint-1.35.1",
              "default": true
            },
            {
              "name": "dist",
              "path": "/nix/store/5ns6js95dkdl2ljjixvvdpy047cjvj4m-python3.12-yamllint-1.35.1-dist"
            }
          ],
          "store_path": "/nix/store/3vnklgsmqslbx4bpsfymsjpqiwmcy6qb-python3.12-yamllint-1.35.1"
        },
        "x86_64-linux": {
          "outputs": [
            {
              "name": "out",
              "path": "/nix/store/9d36gya918jakxl7a7xsf55qnjgnx3nd-python3.12-yamllint-1.35.1",
              "default": true
            },
            {
              "name": "dist",
              "path": "/nix/store/d8wah9g42d88crrq1bmpnaa2cq4nhqcz-python3.12-yamllint-1.35.1-dist"
            }
          ],
          "store_path": "/nix/store/9d36gya918jakxl7a7xsf55qnjgnx3nd-python3.12-yamllint-1.35.1"
        }
      }
    }
  }
}
