{
  "lockfile_version": "1",
  "packages": {
    "age@1.2.1": {
      "last_modified": "2025-07-13T22:45:35Z",
      "resolved": "github:NixOS/nixpkgs/a421ac6595024edcfbb1ef950a3712b89161c359#age",
      "source": "devbox-search",
      "version": "1.2.1",
      "systems": {
        "aarch64-darwin": {
          "outputs": [
            {
              "name": "out",
              "path": "/nix/store/y1z99sydxrg3y39qfla2k2sv3zma2w51-age-1.2.1",
              "default": true
            }
          ],
          "store_path": "/nix/store/y1z99sydxrg3y39qfla2k2sv3zma2w51-age-1.2.1"
        },
        "aarch64-linux": {
          "outputs": [
            {
              "name": "out",
              "path": "/nix/store/42fs32s0a9m6nlnfkzilnx7gql1cnj6p-age-1.2.1",
              "default": true
            }
          ],
          "store_path": "/nix/store/42fs32s0a9m6nlnfkzilnx7gql1cnj6p-age-1.2.1"
        },
        "x86_64-darwin": {
          "outputs": [
            {
              "name": "out",
              "path": "/nix/store/is9salkax57xssz3fqda4iwyqgzr1yls-age-1.2.1",
              "default": true
            }
          ],
          "store_path": "/nix/store/is9salkax57xssz3fqda4iwyqgzr1yls-age-1.2.1"
        },
        "x86_64-linux": {
          "outputs": [
            {
              "name": "out",
              "path": "/nix/store/rskmr5sdlvs5c4mf9gcl75a6j0hayg73-age-1.2.1",
              "default": true
            }
          ],
          "store_path": "/nix/store/rskmr5sdlvs5c4mf9gcl75a6j0hayg73-age-1.2.1"
        }
      }
    },
    "ansible-lint@25.8.2": {
      "last_modified": "2025-11-18T03:14:24Z",
      "resolved": "github:NixOS/nixpkgs/0ade817efdde79cbc46b624c849027335ebc25c5#ansible-lint",
      "source": "devbox-search",
      "version": "25.8.2",
      "systems": {
        "aarch64-darwin": {
          "outputs": [
            {
              "name": "out",
              "path": "/nix/store/1hhjp45xd4p6l3jc3z9p6p4d8pk0l0hz-ansible-lint-25.8.2",
              "default": true
            },
            {
              "name": "dist",
              "path": "/nix/store/kidynphzh4jpcxd1qwxqfs7i0hhqlxy0-ansible-lint-25.8.2-dist"
            }
          ],
          "store_path": "/nix/store/1hhjp45xd4p6l3jc3z9p6p4d8pk0l0hz-ansible-lint-25.8.2"
        },
        "aarch64-linux": {
          "outputs": [
            {
              "name": "out",
              "path": "/nix/store/zjihp631lmxfm8anb59yv9xx8xvhvcnk-ansible-lint-25.8.2",
              "default": true
            },
            {
              "name": "dist",
              "path": "/nix/store/hgdizvpma8z87d0ngrv2h7fy5py3ny2r-ansible-lint-25.8.2-dist"
            }
          ],
          "store_path": "/nix/store/zjihp631lmxfm8anb59yv9xx8xvhvcnk-ansible-lint-25.8.2"
        },
        "x86_64-darwin": {
          "outputs": [
            {
              "name": "out",
              "path": "/nix/store/81q8n4al8i3iyqg839vdxzlpz7zlqzjv-ansible-lint-25.8.2",
              "default": true
            },
            {
              "name": "dist",
              "path": "/nix/store/f548kvi5bfgs0i7371abcz7999792kw0-ansible-lint-25.8.2-dist"
            }
          ],
          "store_path": "/nix/store/81q8n4al8i3iyqg839vdxzlpz7zlqzjv-ansible-lint-25.8.2"
        },
        "x86_64-linux": {
          "outputs": [
            {
              "name": "out",
              "path": "/nix/store/z0cpdmm3rhw6lqirhjfb8k6sln5jzsf8-ansible-lint-25.8.2",
              "default": true
            },
            {
              "name": "dist",
              "path": "/nix/store/bncd14p5jm8j3q5z2kixb47ggbzbfg36-ansible-lint-25.8.2-dist"
            }
          ],
          "store_path": "/nix/store/z0cpdmm3rhw6lqirhjfb8k6sln5jzsf8-ansible-lint-25.8.2"
        }
      }
    },
    "ansible@2.18.7": {
      "last_modified": "2025-07-24T15:00:16Z",
      "resolved": "github:NixOS/nixpkgs/b74a30dbc0a72e20df07d43109339f780b439291#ansible",
      "source": "devbox-search",
      "version": "2.18.7",
      "systems": {
        "aarch64-darwin": {
          "outputs": [
            {
              "name": "out",
              "path": "/nix/store/qmar5zgs9lxar7b7mriazvrka20hcslx-python3.13-ansible-core-2.18.7",
              "default": true
            },
            {
              "name": "dist",
              "path": "/nix/store/1vwgkixmh7bm5qj8v03db8b5dnmp65q3-python3.13-ansible-core-2.18.7-dist"
            }
          ],
          "store_path": "/nix/store/qmar5zgs9lxar7b7mriazvrka20hcslx-python3.13-ansible-core-2.18.7"
        },
        "aarch64-linux": {
          "outputs": [
            {
              "name": "out",
              "path": "/nix/store/zi2xpjjb9d6l2blr95pxdvwcjw9jjaxd-python3.13-ansible-core-2.18.7",
              "default": true
            },
            {
              "name": "dist",
              "path": "/nix/store/6car8i7dyqcmr0x2n7z4p3d12rim2k0j-python3.13-ansible-core-2.18.7-dist"
            }
          ],
          "store_path": "/nix/store/zi2xpjjb9d6l2blr95pxdvwcjw9jjaxd-python3.13-ansible-core-2.18.7"
        },
        "x86_64-darwin": {
          "outputs": [
            {
              "name": "out",
              "path": "/nix/store/w8kipz2an728f5cjys6bpmkk42p6mmhf-python3.13-ansible-core-2.18.7",
              "default": true
            },
            {
              "name": "dist",
              "path": "/nix/store/cq7k1xwcl1z6g76qf0cdyw46dsi4c9s5-python3.13-ansible-core-2.18.7-dist"
            }
          ],
          "store_path": "/nix/store/w8kipz2an728f5cjys6bpmkk42p6mmhf-python3.13-ansible-core-2.18.7"
        },
        "x86_64-linux": {
          "outputs": [
            {
              "name": "out",
              "path": "/nix/store/2q4k547d89dnvxpyw7qql77bwpc34dby-python3.13-ansible-core-2.18.7",
              "default": true
            },
            {
              "name": "dist",
              "path": "/nix/store/sp5myxai1h56n8q4d6hjpz0n7raxp7yx-python3.13-ansible-core-2.18.7-dist"
            }
          ],
          "store_path": "/nix/store/2q4k547d89dnvxpyw7qql77bwpc34dby-python3.13-ansible-core-2.18.7"
        }
      }
    },
    "git@2.50.1": {
      "last_modified": "2025-07-28T17:09:23Z",
      "resolved": "github:NixOS/nixpkgs/648f70160c03151bc2121d179291337ad6bc564b#git",
      "source": "devbox-search",
      "version": "2.50.1",
      "systems": {
        "aarch64-darwin": {
          "outputs": [
            {
              "name": "out",
              "path": "/nix/store/jn9byxgdjndngf0d2by0djg8gcdll7xc-git-2.50.1",
              "default": true
            },
            {
              "name": "doc",
              "path": "/nix/store/j8djmq64ckbah7bl6jv1y6arrjr0shmv-git-2.50.1-doc"
            }
          ],
          "store_path": "/nix/store/jn9byxgdjndngf0d2by0djg8gcdll7xc-git-2.50.1"
        },
        "aarch64-linux": {
          "outputs": [
            {
              "name": "out",
              "path": "/nix/store/h4pvvix6pvnvys9a6y1xj2442r1ajdhl-git-2.50.1",
              "default": true
            },
            {
              "name": "debug",
              "path": "/nix/store/rpxnrnsn4nbx8wm9d2vrgj0fr5xzz5lg-git-2.50.1-debug"
            },
            {
              "name": "doc",
              "path": "/nix/store/q8sicpx16gyzxnp3345a46lj4cz9wd09-git-2.50.1-doc"
            }
          ],
          "store_path": "/nix/store/h4pvvix6pvnvys9a6y1xj2442r1ajdhl-git-2.50.1"
        },
        "x86_64-darwin": {
          "outputs": [
            {
              "name": "out",
              "path": "/nix/store/8d1n8cvi5x1j0v61459lvhqs26vmcqbl-git-2.50.1",
              "default": true
            },
            {
              "name": "doc",
              "path": "/nix/store/yn9cvbs7jz4dfdb17qralgr0ybi5rmjf-git-2.50.1-doc"
            }
          ],
          "store_path": "/nix/store/8d1n8cvi5x1j0v61459lvhqs26vmcqbl-git-2.50.1"
        },
        "x86_64-linux": {
          "outputs": [
            {
              "name": "out",
              "path": "/nix/store/5i8zvall945kypmwgqd0y47f02pldwp4-git-2.50.1",
              "default": true
            },
            {
              "name": "debug",
              "path": "/nix/store/l46kpjpcwwp8l7kzzr1s2dlk646r73z2-git-2.50.1-debug"
            },
            {
              "name": "doc",
              "path": "/nix/store/d2lhlzkdziwmijik8nszfwp8srbkskb9-git-2.50.1-doc"
            }
          ],
          "store_path": "/nix/store/5i8zvall945kypmwgqd0y47f02pldwp4-git-2.50.1"
        }
      }
    },
    "github:NixOS/nixpkgs/nixpkgs-unstable": {
      "last_modified": "2025-08-04T03:33:26Z",
      "resolved": "github:NixOS/nixpkgs/6a489c9482ca676ce23c0bcd7f2e1795383325fa?lastModified=1754278406&narHash=sha256-jvIQTMN5EzoOP5RaGztpVese8a3wqy0M%2Fh6tNzycW28%3D"
    },
    "gnutar@1.35": {
      "last_modified": "2025-07-13T22:45:35Z",
      "resolved": "github:NixOS/nixpkgs/a421ac6595024edcfbb1ef950a3712b89161c359#gnutar",
      "source": "devbox-search",
      "version": "1.35",
      "systems": {
        "aarch64-darwin": {
          "outputs": [
            {
              "name": "out",
              "path": "/nix/store/25v7jy2zfx4mx2ca8grk8lkmyn8zbkap-gnutar-1.35",
              "default": true
            },
            {
              "name": "info",
              "path": "/nix/store/18i9qgxq4j1d7pg2ig84yd2bk0d0vhpz-gnutar-1.35-info"
            }
          ],
          "store_path": "/nix/store/25v7jy2zfx4mx2ca8grk8lkmyn8zbkap-gnutar-1.35"
        },
        "aarch64-linux": {
          "outputs": [
            {
              "name": "out",
              "path": "/nix/store/jd5qc5c2ynrpcasqg63j3p89sbcwnx4d-gnutar-1.35",
              "default": true
            },
            {
              "name": "info",
              "path": "/nix/store/gc8hq046ai7r8j2hyvzli0sachnna419-gnutar-1.35-info"
            }
          ],
          "store_path": "/nix/store/jd5qc5c2ynrpcasqg63j3p89sbcwnx4d-gnutar-1.35"
        },
        "x86_64-darwin": {
          "outputs": [
            {
              "name": "out",
              "path": "/nix/store/g276b6cxc85h665p209z122k2bm3xirm-gnutar-1.35",
              "default": true
            },
            {
              "name": "info",
              "path": "/nix/store/924afll5ph3z99pmw3xm5p8i0n4s46fw-gnutar-1.35-info"
            }
          ],
          "store_path": "/nix/store/g276b6cxc85h665p209z122k2bm3xirm-gnutar-1.35"
        },
        "x86_64-linux": {
          "outputs": [
            {
              "name": "out",
              "path": "/nix/store/r8d70l24x06f4fgq246wz2s8zvmj6vxb-gnutar-1.35",
              "default": true
            },
            {
              "name": "info",
              "path": "/nix/store/rgpjnib70l7gq9k1zvjbx0hicpg3b2n7-gnutar-1.35-info"
            }
          ],
          "store_path": "/nix/store/r8d70l24x06f4fgq246wz2s8zvmj6vxb-gnutar-1.35"
        }
      }
    },
    "go-task@3.45.5": {
      "last_modified": "2025-11-18T03:14:24Z",
      "resolved": "github:NixOS/nixpkgs/0ade817efdde79cbc46b624c849027335ebc25c5#go-task",
      "source": "devbox-search",
      "version": "3.45.5",
      "systems": {
        "aarch64-darwin": {
          "outputs": [
            {
              "name": "out",
              "path": "/nix/store/2rzij86mkkk9w9mhi1ka1qq6yg1a1q45-go-task-3.45.5",
              "default": true
            }
          ],
          "store_path": "/nix/store/2rzij86mkkk9w9mhi1ka1qq6yg1a1q45-go-task-3.45.5"
        },
        "aarch64-linux": {
          "outputs": [
            {
              "name": "out",
              "path": "/nix/store/7rqbfqprqf5ya9zqc22h12chg1q32vsl-go-task-3.45.5",
              "default": true
            }
          ],
          "store_path": "/nix/store/7rqbfqprqf5ya9zqc22h12chg1q32vsl-go-task-3.45.5"
        },
        "x86_64-darwin": {
          "outputs": [
            {
              "name": "out",
              "path": "/nix/store/s094zzla3026k58f5dwqs8svsxzgs7bp-go-task-3.45.5",
              "default": true
            }
          ],
          "store_path": "/nix/store/s094zzla3026k58f5dwqs8svsxzgs7bp-go-task-3.45.5"
        },
        "x86_64-linux": {
          "outputs": [
            {
              "name": "out",
              "path": "/nix/store/4yqkir1svm1bn2hwlqxxl7iq2pd6z423-go-task-3.45.5",
              "default": true
            }
          ],
          "store_path": "/nix/store/4yqkir1svm1bn2hwlqxxl7iq2pd6z423-go-task-3.45.5"
        }
      }
    },
    "sops@3.11.0": {
      "last_modified": "2025-11-15T07:28:48Z",
      "resolved": "github:NixOS/nixpkgs/1d4c88323ac36805d09657d13a5273aea1b34f0c#sops",
      "source": "devbox-search",
      "version": "3.11.0",
      "systems": {
        "aarch64-darwin": {
          "outputs": [
            {
              "name": "out",
              "path": "/nix/store/m70nap2c05072iflpaypzc0r0v3bld9p-sops-3.11.0",
              "default": true
            }
          ],
          "store_path": "/nix/store/m70nap2c05072iflpaypzc0r0v3bld9p-sops-3.11.0"
        },
        "aarch64-linux": {
          "outputs": [
            {
              "name": "out",
              "path": "/nix/store/s5a664dkc7adkwdd5lwl3dr1670hx1i1-sops-3.11.0",
              "default": true
            }
          ],
          "store_path": "/nix/store/s5a664dkc7adkwdd5lwl3dr1670hx1i1-sops-3.11.0"
        },
        "x86_64-darwin": {
          "outputs": [
            {
              "name": "out",
              "path": "/nix/store/icxla6y2d4ca23qbdf1apxp9fd0dzz2d-sops-3.11.0",
              "default": true
            }
          ],
          "store_path": "/nix/store/icxla6y2d4ca23qbdf1apxp9fd0dzz2d-sops-3.11.0"
        },
        "x86_64-linux": {
          "outputs": [
            {
              "name": "out",
              "path": "/nix/store/j5pa43m80jlfzkgncg4rh276s47icsy8-sops-3.11.0",
              "default": true
            }
          ],
          "store_path": "/nix/store/j5pa43m80jlfzkgncg4rh276s47icsy8-sops-3.11.0"
        }
      }
    },
    "terraform@1.13.5": {
      "last_modified": "2025-11-15T07:28:48Z",
      "resolved": "github:NixOS/nixpkgs/1d4c88323ac36805d09657d13a5273aea1b34f0c#terraform",
      "source": "devbox-search",
      "version": "1.13.5",
      "systems": {
        "aarch64-darwin": {
          "outputs": [
            {
              "name": "out",
              "path": "/nix/store/54xpgmnkl1wgd8fdwg35av37xn0sscy3-terraform-1.13.5",
              "default": true
            }
          ],
          "store_path": "/nix/store/54xpgmnkl1wgd8fdwg35av37xn0sscy3-terraform-1.13.5"
        },
        "aarch64-linux": {
          "outputs": [
            {
              "name": "out",
              "path": "/nix/store/h5y4nm4393bxzx19nrpav3sp6mhchlnp-terraform-1.13.5",
              "default": true
            }
          ],
          "store_path": "/nix/store/h5y4nm4393bxzx19nrpav3sp6mhchlnp-terraform-1.13.5"
        },
        "x86_64-darwin": {
          "outputs": [
            {
              "name": "out",
              "path": "/nix/store/2l0japxjkmwq85wsd2y2xqxjjjijmnv4-terraform-1.13.5",
              "default": true
            }
          ],
          "store_path": "/nix/store/2l0japxjkmwq85wsd2y2xqxjjjijmnv4-terraform-1.13.5"
        },
        "x86_64-linux": {
          "outputs": [
            {
              "name": "out",
              "path": "/nix/store/2h17mx1m5jfp7j6ik7iwlkxhxhxhgzvw-terraform-1.13.5",
              "default": true
            }
          ],
          "store_path": "/nix/store/2h17mx1m5jfp7j6ik7iwlkxhxhxhgzvw-terraform-1.13.5"
        }
      }
    },
    "yamllint@1.37.1": {
      "last_modified": "2025-07-13T22:45:35Z",
      "resolved": "github:NixOS/nixpkgs/a421ac6595024edcfbb1ef950a3712b89161c359#yamllint",
      "source": "devbox-search",
      "version": "1.37.1",
      "systems": {
        "aarch64-darwin": {
          "outputs": [
            {
              "name": "out",
              "path": "/nix/store/6jvixyf460z9hl8nikn0hl571x01k542-python3.13-yamllint-1.37.1",
              "default": true
            },
            {
              "name": "dist",
              "path": "/nix/store/c5sdkinaq22m7r08v8fa84l82z3ljq50-python3.13-yamllint-1.37.1-dist"
            }
          ],
          "store_path": "/nix/store/6jvixyf460z9hl8nikn0hl571x01k542-python3.13-yamllint-1.37.1"
        },
        "aarch64-linux": {
          "outputs": [
            {
              "name": "out",
              "path": "/nix/store/821hnbqqy66zb3zx2wg8azrlrh4y6y1k-python3.13-yamllint-1.37.1",
              "default": true
            },
            {
              "name": "dist",
              "path": "/nix/store/j0d2rsgmvlh61i5avxza9v7imqfkrxz7-python3.13-yamllint-1.37.1-dist"
            }
          ],
          "store_path": "/nix/store/821hnbqqy66zb3zx2wg8azrlrh4y6y1k-python3.13-yamllint-1.37.1"
        },
        "x86_64-darwin": {
          "outputs": [
            {
              "name": "out",
              "path": "/nix/store/0c58r1czp50dfmflcwwimnngvjzrpig7-python3.13-yamllint-1.37.1",
              "default": true
            },
            {
              "name": "dist",
              "path": "/nix/store/g059k5jcnzdy18l0f5gr8pyyh4sbhbv6-python3.13-yamllint-1.37.1-dist"
            }
          ],
          "store_path": "/nix/store/0c58r1czp50dfmflcwwimnngvjzrpig7-python3.13-yamllint-1.37.1"
        },
        "x86_64-linux": {
          "outputs": [
            {
              "name": "out",
              "path": "/nix/store/i37pbba0yq7c15lw5c6dkp71fiipvzy0-python3.13-yamllint-1.37.1",
              "default": true
            },
            {
              "name": "dist",
              "path": "/nix/store/q5vznpqgmb2i3h3kp1w7z1jn0xr9r2mw-python3.13-yamllint-1.37.1-dist"
            }
          ],
          "store_path": "/nix/store/i37pbba0yq7c15lw5c6dkp71fiipvzy0-python3.13-yamllint-1.37.1"
        }
      }
    }
  }
}
