{
  "lockfile_version": "1",
  "packages": {
    "age@latest": {
      "last_modified": "2024-01-14T03:55:27Z",
      "resolved": "github:NixOS/nixpkgs/dd5621df6dcb90122b50da5ec31c411a0de3e538#age",
      "source": "devbox-search",
      "version": "1.1.1",
      "systems": {
        "aarch64-darwin": {
          "store_path": "/nix/store/6663hv5zjkd9m4q1ipzy7h1p0pjghbj0-age-1.1.1"
        },
        "aarch64-linux": {
          "store_path": "/nix/store/7ck3hv6hhan75sbz04iciw4jn0fd2bfj-age-1.1.1"
        },
        "x86_64-darwin": {
          "store_path": "/nix/store/jq560hh1x1hkm76qpggpp86d89d9n2ln-age-1.1.1"
        },
        "x86_64-linux": {
          "store_path": "/nix/store/j3c0pjg6l3bfdxylwp9illf8vsm3bg8f-age-1.1.1"
        }
      }
    },
    "ansible-lint@latest": {
      "last_modified": "2023-12-13T22:54:10Z",
      "resolved": "github:NixOS/nixpkgs/fd04bea4cbf76f86f244b9e2549fca066db8ddff#ansible-lint",
      "source": "devbox-search",
      "version": "6.21.1",
      "systems": {
        "aarch64-darwin": {
          "store_path": "/nix/store/qzlwr8wyjfq9dbs9q3x80f4djl6dfzdl-ansible-lint-6.21.1"
        },
        "aarch64-linux": {
          "store_path": "/nix/store/q2sn4m9lrkzx42r8zr12dlj5r535bzqi-ansible-lint-6.21.1"
        },
        "x86_64-darwin": {
          "store_path": "/nix/store/dvf7qywrak0mbddv0gdlks0xi1rspkmj-ansible-lint-6.21.1"
        },
        "x86_64-linux": {
          "store_path": "/nix/store/bziywlwpwk2zcwpg2ihd3nkzpk8rj3hg-ansible-lint-6.21.1"
        }
      }
    },
    "ansible@latest": {
      "last_modified": "2023-12-13T22:54:10Z",
      "resolved": "github:NixOS/nixpkgs/fd04bea4cbf76f86f244b9e2549fca066db8ddff#ansible",
      "source": "devbox-search",
      "version": "2.15.5",
      "systems": {
        "aarch64-darwin": {
          "store_path": "/nix/store/v29wrr20s59q9ijxqxxqk6gf323aslhb-python3.11-ansible-core-2.15.5"
        },
        "aarch64-linux": {
          "store_path": "/nix/store/sbnp7xqd39f77jhvfvskd4kr3is743a2-python3.11-ansible-core-2.15.5"
        },
        "x86_64-darwin": {
          "store_path": "/nix/store/l1djylxdf8038v0vanyi8yikdrxj6azy-python3.11-ansible-core-2.15.5"
        },
        "x86_64-linux": {
          "store_path": "/nix/store/169spgh74nq9g2bm5yxmvlx83c6yr2ji-python3.11-ansible-core-2.15.5"
        }
      }
    },
    "git@latest": {
      "last_modified": "2024-01-14T03:55:27Z",
      "resolved": "github:NixOS/nixpkgs/dd5621df6dcb90122b50da5ec31c411a0de3e538#git",
      "source": "devbox-search",
      "version": "2.43.0",
      "systems": {
        "aarch64-darwin": {
          "store_path": "/nix/store/kf597rw8mjdzvzjpzjvflp88dxj19qhm-git-2.43.0"
        },
        "aarch64-linux": {
          "store_path": "/nix/store/dh45pp85n0mpsr8sh277yp2a1sd3dvzk-git-2.43.0"
        },
        "x86_64-darwin": {
          "store_path": "/nix/store/3gkm7jyy92a7yr87nhfqh45sy2syrb46-git-2.43.0"
        },
        "x86_64-linux": {
          "store_path": "/nix/store/xw3hyxc3i4zg195yk8l6zxjvhq6vx44d-git-2.43.0"
        }
      }
    },
    "gnutar@latest": {
      "last_modified": "2024-01-14T03:55:27Z",
      "resolved": "github:NixOS/nixpkgs/dd5621df6dcb90122b50da5ec31c411a0de3e538#gnutar",
      "source": "devbox-search",
      "version": "1.35",
      "systems": {
        "aarch64-darwin": {
          "store_path": "/nix/store/k912mx14nbw7khwh2d1461x0b69ahdp9-gnutar-1.35"
        },
        "aarch64-linux": {
          "store_path": "/nix/store/jxgj42301fqv35l3dchy22j949rw3xdc-gnutar-1.35"
        },
        "x86_64-darwin": {
          "store_path": "/nix/store/w7psxayx9yinbf0qaj5hhsw5sl4bvr4q-gnutar-1.35"
        },
        "x86_64-linux": {
          "store_path": "/nix/store/20rsi77ny2i4i1rbd63h4392a245j5dz-gnutar-1.35"
        }
      }
    },
    "go-task@latest": {
      "last_modified": "2024-01-14T03:55:27Z",
      "resolved": "github:NixOS/nixpkgs/dd5621df6dcb90122b50da5ec31c411a0de3e538#go-task",
      "source": "devbox-search",
      "version": "3.33.1",
      "systems": {
        "aarch64-darwin": {
          "store_path": "/nix/store/k7aci7300d9c4zcndphk4dygp68a6lrh-go-task-3.33.1"
        },
        "aarch64-linux": {
          "store_path": "/nix/store/x1gpvyvv3205y24d7dp5npr08wmi9q75-go-task-3.33.1"
        },
        "x86_64-darwin": {
          "store_path": "/nix/store/ls28zh4f5xiqkxm11jrk3vm8p5x08ngl-go-task-3.33.1"
        },
        "x86_64-linux": {
          "store_path": "/nix/store/g5zjm8r0ahz74qfl0i7mxvq3hg91bzqa-go-task-3.33.1"
        }
      }
    },
    "sops@latest": {
      "last_modified": "2024-01-14T03:55:27Z",
      "resolved": "github:NixOS/nixpkgs/dd5621df6dcb90122b50da5ec31c411a0de3e538#sops",
      "source": "devbox-search",
      "version": "3.8.1",
      "systems": {
        "aarch64-darwin": {
          "store_path": "/nix/store/495hjqkydvs4sln3ylqm8v0bxvp0frxc-sops-3.8.1"
        },
        "aarch64-linux": {
          "store_path": "/nix/store/r3in2nvpfwhb5p7vf43ggv5vh7ib2z2b-sops-3.8.1"
        },
        "x86_64-darwin": {
          "store_path": "/nix/store/6xs106h8whznla92j69dkr9zmcvwsd6j-sops-3.8.1"
        },
        "x86_64-linux": {
          "store_path": "/nix/store/xinfyvy7iw6841agy9azbfxp2kjlcd6m-sops-3.8.1"
        }
      }
    },
    "terraform@latest": {
      "last_modified": "2023-12-18T02:58:18Z",
      "resolved": "github:NixOS/nixpkgs/ca16221251951e9c6261a1a2bb4f9389038d3632#terraform",
      "source": "devbox-search",
      "version": "1.6.6"
    },
    "yamllint@latest": {
      "last_modified": "2023-12-13T22:54:10Z",
      "resolved": "github:NixOS/nixpkgs/fd04bea4cbf76f86f244b9e2549fca066db8ddff#yamllint",
      "source": "devbox-search",
      "version": "1.33.0",
      "systems": {
        "aarch64-darwin": {
          "store_path": "/nix/store/inyipsq4qdzmai4791zl542dl9995l4w-python3.11-yamllint-1.33.0"
        },
        "aarch64-linux": {
          "store_path": "/nix/store/2y28v3lrnv3m9zgxgksdzjxq3p8n6x4m-python3.11-yamllint-1.33.0"
        },
        "x86_64-darwin": {
          "store_path": "/nix/store/7f02h17wxc5agk4aqlmzg9had3k6w3kz-python3.11-yamllint-1.33.0"
        },
        "x86_64-linux": {
          "store_path": "/nix/store/pab7c31znj2lk0w4iw07ay8r8pzfl6q1-python3.11-yamllint-1.33.0"
        }
      }
    }
  }
}
