# @generated - this file is auto-generated by `mise lock` https://mise.jdx.dev/dev-tools/mise-lock.html

[[tools.age]]
version = "1.3.1"
backend = "aqua:FiloSottile/age"

[tools.age."platforms.linux-arm64"]
checksum = "sha256:c6878a324421b69e3e20b00ba17c04bc5c6dab0030cfe55bf8f68fa8d9e9093a"
url = "https://github.com/FiloSottile/age/releases/download/v1.3.1/age-v1.3.1-linux-arm64.tar.gz"

[tools.age."platforms.linux-x64"]
checksum = "sha256:bdc69c09cbdd6cf8b1f333d372a1f58247b3a33146406333e30c0f26e8f51377"
url = "https://github.com/FiloSottile/age/releases/download/v1.3.1/age-v1.3.1-linux-amd64.tar.gz"

[tools.age."platforms.macos-arm64"]
checksum = "sha256:01120ea2cbf0463d4c6bd767f99f3271bbed1cdc8a9aa718a76ba1fe4f01998b"
url = "https://github.com/FiloSottile/age/releases/download/v1.3.1/age-v1.3.1-darwin-arm64.tar.gz"

[tools.age."platforms.windows-x64"]
checksum = "sha256:c56e8ce22f7e80cb85ad946cc82d198767b056366201d3e1a2b93d865be38154"
url = "https://github.com/FiloSottile/age/releases/download/v1.3.1/age-v1.3.1-windows-amd64.zip"

[[tools.ansible-core]]
version = "2.20.3"
backend = "pipx:ansible-core"

[[tools.pipx]]
version = "1.8.0"
backend = "aqua:pypa/pipx"

[tools.pipx."platforms.linux-arm64"]
checksum = "sha256:b9eabd835dffe0677e36bd99416fc9837c592bd8c079235379bed3dfe043c601"
url = "https://github.com/pypa/pipx/releases/download/1.8.0/pipx.pyz"

[tools.pipx."platforms.linux-x64"]
checksum = "sha256:b9eabd835dffe0677e36bd99416fc9837c592bd8c079235379bed3dfe043c601"
url = "https://github.com/pypa/pipx/releases/download/1.8.0/pipx.pyz"

[tools.pipx."platforms.macos-arm64"]
checksum = "sha256:b9eabd835dffe0677e36bd99416fc9837c592bd8c079235379bed3dfe043c601"
url = "https://github.com/pypa/pipx/releases/download/1.8.0/pipx.pyz"

[tools.pipx."platforms.macos-x64"]
checksum = "sha256:b9eabd835dffe0677e36bd99416fc9837c592bd8c079235379bed3dfe043c601"
url = "https://github.com/pypa/pipx/releases/download/1.8.0/pipx.pyz"

[[tools."pipx:ansible-lint"]]
version = "26.3.0"
backend = "pipx:ansible-lint"

[[tools.python]]
version = "3.14.3"
backend = "core:python"

[tools.python."platforms.linux-arm64"]
checksum = "sha256:53700338695e402a1a1fe22be4a41fbdacc70e22bb308a48eca8ed67cb7992be"
url = "https://github.com/astral-sh/python-build-standalone/releases/download/20260324/cpython-3.14.3+20260324-aarch64-unknown-linux-gnu-install_only_stripped.tar.gz"

[tools.python."platforms.linux-x64"]
checksum = "sha256:d7a9f970914bb4c88756fe3bdcc186d4feb90e9500e54f1db47dae4dc9687e39"
url = "https://github.com/astral-sh/python-build-standalone/releases/download/20260324/cpython-3.14.3+20260324-x86_64-unknown-linux-gnu-install_only_stripped.tar.gz"

[tools.python."platforms.macos-arm64"]
checksum = "sha256:c43aecde4a663aebff99b9b83da0efec506479f1c3f98331442f33d2c43501f9"
url = "https://github.com/astral-sh/python-build-standalone/releases/download/20260324/cpython-3.14.3+20260324-aarch64-apple-darwin-install_only_stripped.tar.gz"

[tools.python."platforms.macos-x64"]
checksum = "sha256:9ab41dbc2f100a2a45d1833b9c11165f51051c558b5213eda9a9731d5948a0c0"
url = "https://github.com/astral-sh/python-build-standalone/releases/download/20260324/cpython-3.14.3+20260324-x86_64-apple-darwin-install_only_stripped.tar.gz"

[tools.python."platforms.windows-x64"]
checksum = "sha256:bbe19034b35b0267176a7442575ae7dc6343480fd4d35598cb7700173d431e09"
url = "https://github.com/astral-sh/python-build-standalone/releases/download/20260324/cpython-3.14.3+20260324-x86_64-pc-windows-msvc-install_only_stripped.tar.gz"

[[tools.sops]]
version = "3.12.1"
backend = "aqua:getsops/sops"

[tools.sops."platforms.linux-arm64"]
checksum = "sha256:c7904d07bf1fb3ffdc329b0103ce70ff6a884aa7af7931427402bea0c09cc522"
url = "https://github.com/getsops/sops/releases/download/v3.12.1/sops-v3.12.1.linux.arm64"
provenance = "slsa"

[tools.sops."platforms.linux-x64"]
checksum = "sha256:cf3136d20a6004405c986a48e179c3c7a731f777fbf105a37bd5dac5c9047100"
url = "https://github.com/getsops/sops/releases/download/v3.12.1/sops-v3.12.1.linux.amd64"
provenance = "slsa"

[tools.sops."platforms.macos-arm64"]
checksum = "sha256:3a23c388e2d7b9beff306f4817d197698b1d9ddf01c10020470c94225435e901"
url = "https://github.com/getsops/sops/releases/download/v3.12.1/sops-v3.12.1.darwin.arm64"
provenance = "slsa"

[tools.sops."platforms.macos-x64"]
checksum = "sha256:d6d296499e08d62325d933e4572fe8b6b9b11d0c08ee00d09b518a2731814c7b"
url = "https://github.com/getsops/sops/releases/download/v3.12.1/sops-v3.12.1.darwin.amd64"
provenance = "slsa"

[tools.sops."platforms.windows-x64"]
checksum = "sha256:161eff06643ca77cc0585099e0888d04897827162fd62bdb79cc1bcff933330f"
url = "https://github.com/getsops/sops/releases/download/v3.12.1/sops-v3.12.1.amd64.exe"
provenance = "slsa"

[[tools.yamllint]]
version = "1.38.0"
backend = "pipx:yamllint"
