# @generated - this file is auto-generated by `mise lock` https://mise.jdx.dev/dev-tools/mise-lock.html

[[tools.age]]
version = "1.3.1"
backend = "aqua:FiloSottile/age"

[tools.age."platforms.linux-arm64"]
checksum = "sha256:c6878a324421b69e3e20b00ba17c04bc5c6dab0030cfe55bf8f68fa8d9e9093a"
url = "https://github.com/FiloSottile/age/releases/download/v1.3.1/age-v1.3.1-linux-arm64.tar.gz"

[tools.age."platforms.linux-arm64-musl"]
checksum = "sha256:c6878a324421b69e3e20b00ba17c04bc5c6dab0030cfe55bf8f68fa8d9e9093a"
url = "https://github.com/FiloSottile/age/releases/download/v1.3.1/age-v1.3.1-linux-arm64.tar.gz"

[tools.age."platforms.linux-x64"]
checksum = "sha256:bdc69c09cbdd6cf8b1f333d372a1f58247b3a33146406333e30c0f26e8f51377"
url = "https://github.com/FiloSottile/age/releases/download/v1.3.1/age-v1.3.1-linux-amd64.tar.gz"

[tools.age."platforms.linux-x64-musl"]
checksum = "sha256:bdc69c09cbdd6cf8b1f333d372a1f58247b3a33146406333e30c0f26e8f51377"
url = "https://github.com/FiloSottile/age/releases/download/v1.3.1/age-v1.3.1-linux-amd64.tar.gz"

[tools.age."platforms.macos-arm64"]
checksum = "sha256:01120ea2cbf0463d4c6bd767f99f3271bbed1cdc8a9aa718a76ba1fe4f01998b"
url = "https://github.com/FiloSottile/age/releases/download/v1.3.1/age-v1.3.1-darwin-arm64.tar.gz"

[tools.age."platforms.windows-x64"]
checksum = "sha256:c56e8ce22f7e80cb85ad946cc82d198767b056366201d3e1a2b93d865be38154"
url = "https://github.com/FiloSottile/age/releases/download/v1.3.1/age-v1.3.1-windows-amd64.zip"

[[tools.ansible-core]]
version = "2.21.1"
backend = "pipx:ansible-core"

[[tools.pipx]]
version = "1.14.1"
backend = "aqua:pypa/pipx"

[tools.pipx."platforms.linux-arm64"]
checksum = "sha256:4ca0f4ea421bac9cf47f0479d37c373048257eb00ab95551c8b9aa4a837c467d"
url = "https://github.com/pypa/pipx/releases/download/1.14.1/pipx.pyz"

[tools.pipx."platforms.linux-arm64-musl"]
checksum = "sha256:4ca0f4ea421bac9cf47f0479d37c373048257eb00ab95551c8b9aa4a837c467d"
url = "https://github.com/pypa/pipx/releases/download/1.14.1/pipx.pyz"

[tools.pipx."platforms.linux-x64"]
checksum = "sha256:4ca0f4ea421bac9cf47f0479d37c373048257eb00ab95551c8b9aa4a837c467d"
url = "https://github.com/pypa/pipx/releases/download/1.14.1/pipx.pyz"

[tools.pipx."platforms.linux-x64-musl"]
checksum = "sha256:4ca0f4ea421bac9cf47f0479d37c373048257eb00ab95551c8b9aa4a837c467d"
url = "https://github.com/pypa/pipx/releases/download/1.14.1/pipx.pyz"

[tools.pipx."platforms.macos-arm64"]
checksum = "sha256:4ca0f4ea421bac9cf47f0479d37c373048257eb00ab95551c8b9aa4a837c467d"
url = "https://github.com/pypa/pipx/releases/download/1.14.1/pipx.pyz"

[tools.pipx."platforms.macos-x64"]
checksum = "sha256:4ca0f4ea421bac9cf47f0479d37c373048257eb00ab95551c8b9aa4a837c467d"
url = "https://github.com/pypa/pipx/releases/download/1.14.1/pipx.pyz"

[[tools."pipx:ansible-lint"]]
version = "26.4.0"
backend = "pipx:ansible-lint"

[[tools.python]]
version = "3.14.6"
backend = "core:python"

[tools.python."platforms.linux-arm64"]
checksum = "sha256:9124d5c41739d78a446f1f29c1953bf41071abcbf18e6daec201a27608648195"
url = "https://github.com/astral-sh/python-build-standalone/releases/download/20260610/cpython-3.14.6+20260610-aarch64-unknown-linux-gnu-install_only_stripped.tar.gz"

[tools.python."platforms.linux-arm64-musl"]
checksum = "sha256:9124d5c41739d78a446f1f29c1953bf41071abcbf18e6daec201a27608648195"
url = "https://github.com/astral-sh/python-build-standalone/releases/download/20260610/cpython-3.14.6+20260610-aarch64-unknown-linux-gnu-install_only_stripped.tar.gz"

[tools.python."platforms.linux-x64"]
checksum = "blake3:057134326c6a3f7d292a939d6992f58b530dc1a13b63ddbb948175ac58869987"
url = "https://github.com/astral-sh/python-build-standalone/releases/download/20260610/cpython-3.14.6+20260610-x86_64-unknown-linux-gnu-install_only_stripped.tar.gz"

[tools.python."platforms.linux-x64-musl"]
checksum = "sha256:0881fbde2c78605720fb2e240d1a6df38652a896e40a5fce2e10908dbee5f5b7"
url = "https://github.com/astral-sh/python-build-standalone/releases/download/20260610/cpython-3.14.6+20260610-x86_64-unknown-linux-gnu-install_only_stripped.tar.gz"

[tools.python."platforms.macos-arm64"]
checksum = "sha256:875516e13be36296f8f7dd0972b22ba3bed069ed08d27d5f0069caf227522921"
url = "https://github.com/astral-sh/python-build-standalone/releases/download/20260610/cpython-3.14.6+20260610-aarch64-apple-darwin-install_only_stripped.tar.gz"

[tools.python."platforms.macos-x64"]
checksum = "sha256:6f85cbb2a0fef4b90fc63aadcfe383c22db5eb7933066ca6ea384828a6b3f2d2"
url = "https://github.com/astral-sh/python-build-standalone/releases/download/20260610/cpython-3.14.6+20260610-x86_64-apple-darwin-install_only_stripped.tar.gz"

[tools.python."platforms.windows-x64"]
checksum = "sha256:49f0c7e8d1c2eaba70c5516ca6c01b6b766f6ff473f1209a76fd01783e7c75ae"
url = "https://github.com/astral-sh/python-build-standalone/releases/download/20260610/cpython-3.14.6+20260610-x86_64-pc-windows-msvc-install_only_stripped.tar.gz"

[[tools.sops]]
version = "3.13.1"
backend = "aqua:getsops/sops"

[tools.sops."platforms.linux-arm64"]
checksum = "sha256:19576fb1734dbf8fb77eda0cf0f3a2218f99bf4d33b814318e5e10d6babb9820"
url = "https://github.com/getsops/sops/releases/download/v3.13.1/sops-v3.13.1.linux.arm64"
provenance = "slsa"

[tools.sops."platforms.linux-arm64-musl"]
checksum = "sha256:19576fb1734dbf8fb77eda0cf0f3a2218f99bf4d33b814318e5e10d6babb9820"
url = "https://github.com/getsops/sops/releases/download/v3.13.1/sops-v3.13.1.linux.arm64"
provenance = "slsa"

[tools.sops."platforms.linux-x64"]
checksum = "sha256:620a9d7e3352ababeca6908cea24a6e8b14ce89a448ddbd3f94f1ef3398f470a"
url = "https://github.com/getsops/sops/releases/download/v3.13.1/sops-v3.13.1.linux.amd64"

[tools.sops."platforms.linux-x64".provenance.slsa]
url = "https://github.com/getsops/sops/releases/download/v3.13.1/sops-v3.13.1.intoto.jsonl"

[tools.sops."platforms.linux-x64-musl"]
checksum = "sha256:620a9d7e3352ababeca6908cea24a6e8b14ce89a448ddbd3f94f1ef3398f470a"
url = "https://github.com/getsops/sops/releases/download/v3.13.1/sops-v3.13.1.linux.amd64"
provenance = "slsa"

[tools.sops."platforms.macos-arm64"]
checksum = "sha256:a2c0dd37eb031068af6ef213b78cfa67b7f1afd76c2e5cc404257f42bbc8367d"
url = "https://github.com/getsops/sops/releases/download/v3.13.1/sops-v3.13.1.darwin.arm64"
provenance = "slsa"

[tools.sops."platforms.macos-x64"]
checksum = "sha256:dad79d1b1dea767ca38ffaa50e10330a3e807dd13c853ef9c880567acef4f1ef"
url = "https://github.com/getsops/sops/releases/download/v3.13.1/sops-v3.13.1.darwin.amd64"
provenance = "slsa"

[tools.sops."platforms.windows-x64"]
checksum = "sha256:4654e53fff6d0a1842facd3a0ed5a66a8ab6164004b0ad4ca2d5e2b1c5473b65"
url = "https://github.com/getsops/sops/releases/download/v3.13.1/sops-v3.13.1.amd64.exe"
provenance = "slsa"

[[tools.yamllint]]
version = "1.38.0"
backend = "pipx:yamllint"
